<?xml version="1.0" encoding="utf-8"?>
<Project ToolsVersion="4.0" xmlns="http://schemas.microsoft.com/developer/msbuild/2003">
  <ItemGroup>
    <Filter Include="Source Files">
      <UniqueIdentifier>{4FC737F1-C7A5-4376-A066-2A32D752A2FF}</UniqueIdentifier>
      <Extensions>cpp;c;cc;cxx;def;odl;idl;hpj;bat;asm;asmx</Extensions>
    </Filter>
    <Filter Include="Header Files">
      <UniqueIdentifier>{93995380-89BD-4b04-88EB-625FBE52EBFB}</UniqueIdentifier>
      <Extensions>h;hh;hpp;hxx;hm;inl;inc;ipp;xsd</Extensions>
    </Filter>
    <Filter Include="Resource Files">
      <UniqueIdentifier>{67DA6AB6-F800-4c08-8B7A-83BB121AAD01}</UniqueIdentifier>
      <Extensions>rc;ico;cur;bmp;dlg;rc2;rct;bin;rgs;gif;jpg;jpeg;jpe;resx;tiff;tif;png;wav;mfcribbon-ms</Extensions>
    </Filter>
    <Filter Include="Resource Files\shaders">
      <UniqueIdentifier>{40ee63d3-ec89-49aa-bfc9-856fdcb38312}</UniqueIdentifier>
    </Filter>
    <Filter Include="Resource Files\models">
      <UniqueIdentifier>{ee4c793b-f5f4-47c2-aa9f-8d1a248793d3}</UniqueIdentifier>
    </Filter>
    <Filter Include="Header Files\Handlers">
      <UniqueIdentifier>{3210778b-1e53-4564-90f1-7288eb8df2c2}</UniqueIdentifier>
    </Filter>
    <Filter Include="Source Files\Handlers">
      <UniqueIdentifier>{713cafee-6320-4418-9d7c-488899bd7638}</UniqueIdentifier>
    </Filter>
    <Filter Include="Header Files\Models">
      <UniqueIdentifier>{8db0101c-3052-45ef-9926-09d9d604f086}</UniqueIdentifier>
    </Filter>
    <Filter Include="Source Files\Models">
      <UniqueIdentifier>{f0f23fc9-b7ca-423d-b0ba-0194e9e012f7}</UniqueIdentifier>
    </Filter>
    <Filter Include="Header Files\Lights">
      <UniqueIdentifier>{55c5696d-9b58-49ef-957f-70c6af610a9f}</UniqueIdentifier>
    </Filter>
    <Filter Include="Source Files\Lights">
      <UniqueIdentifier>{9db5e3b0-e2ee-4495-be3d-ba0fc87a61c1}</UniqueIdentifier>
    </Filter>
    <Filter Include="Resource Files\shaders\models">
      <UniqueIdentifier>{5441670f-ecf8-48ed-8010-0e16743d8a8d}</UniqueIdentifier>
    </Filter>
    <Filter Include="Resource Files\shaders\lights">
      <UniqueIdentifier>{d3c9b9e8-31a7-44c1-9fd3-d38406799e2d}</UniqueIdentifier>
    </Filter>
    <Filter Include="Source Files\Shadows">
      <UniqueIdentifier>{be6b8dae-1253-49b1-9f58-94b3e86c6064}</UniqueIdentifier>
    </Filter>
    <Filter Include="Header Files\Shadows">
      <UniqueIdentifier>{d35ad76e-f140-458c-b15c-c8891b86208d}</UniqueIdentifier>
    </Filter>
    <Filter Include="Resource Files\shaders\shadows">
      <UniqueIdentifier>{ba52f1c2-1f0e-4c4a-a126-0a38fe2469ba}</UniqueIdentifier>
    </Filter>
    <Filter Include="Header Files\Presentation">
      <UniqueIdentifier>{da8d7500-d7f3-4a43-91b1-263ccda5d814}</UniqueIdentifier>
    </Filter>
    <Filter Include="Source Files\Presentation">
      <UniqueIdentifier>{7b4cd94c-0c88-40a3-be2a-7637e3e70f6e}</UniqueIdentifier>
    </Filter>
    <Filter Include="Header Files\Materials">
      <UniqueIdentifier>{970b1471-2bb3-409b-9139-9ee3ded741df}</UniqueIdentifier>
    </Filter>
    <Filter Include="Source Files\Materials">
      <UniqueIdentifier>{6056cf65-f424-4149-883b-a55db810748b}</UniqueIdentifier>
    </Filter>
    <Filter Include="Header Files\Bindings">
      <UniqueIdentifier>{03febb4f-c52d-4f73-b79f-961f662166e7}</UniqueIdentifier>
    </Filter>
    <Filter Include="Source Files\Bindings">
      <UniqueIdentifier>{58ada29d-b79d-4182-9e80-1a8e79ec48b0}</UniqueIdentifier>
    </Filter>
    <Filter Include="Source Files\Layouts">
      <UniqueIdentifier>{8e90b496-d239-4af1-9f13-2c892d209591}</UniqueIdentifier>
    </Filter>
    <Filter Include="Header Files\Layouts">
      <UniqueIdentifier>{25cd728d-1a5f-4994-bf78-4d0811f3cc8b}</UniqueIdentifier>
    </Filter>
    <Filter Include="Source Files\Writes">
      <UniqueIdentifier>{5af85243-d7c9-4ff4-9c44-68752b9e0328}</UniqueIdentifier>
    </Filter>
    <Filter Include="Header Files\Writes">
      <UniqueIdentifier>{1256a689-627d-44ec-8ad6-559ad06cf948}</UniqueIdentifier>
    </Filter>
    <Filter Include="Source Files\Writes\Info">
      <UniqueIdentifier>{1b43a515-e9b2-4ad9-9d11-ded53bfe34b2}</UniqueIdentifier>
    </Filter>
    <Filter Include="Header Files\Writes\Info">
      <UniqueIdentifier>{c0d1441d-a533-47db-99a1-e373a8f93c43}</UniqueIdentifier>
    </Filter>
    <Filter Include="Source Files\DSets">
      <UniqueIdentifier>{7324e90c-59bb-49ab-8b94-4b012ad37fc7}</UniqueIdentifier>
    </Filter>
    <Filter Include="Header Files\DSets">
      <UniqueIdentifier>{94b798e8-2819-4377-bfad-18855572db1c}</UniqueIdentifier>
    </Filter>
    <Filter Include="Header Files\Descriptors">
      <UniqueIdentifier>{cfc47b9a-27e8-4c15-a40a-4d31e0cdb65e}</UniqueIdentifier>
    </Filter>
    <Filter Include="Header Files\Uniforms">
      <UniqueIdentifier>{68550c11-9edf-4d48-ba1d-46ef7529c75f}</UniqueIdentifier>
    </Filter>
    <Filter Include="Source Files\Uniforms">
      <UniqueIdentifier>{987a37a5-4ec1-4550-9bb9-266987502f3e}</UniqueIdentifier>
    </Filter>
    <Filter Include="Header Files\Timer">
      <UniqueIdentifier>{698eabab-fd68-4dcf-af2c-8d0c1ed96772}</UniqueIdentifier>
    </Filter>
    <Filter Include="Source Files\Timer">
      <UniqueIdentifier>{2ffd3f7d-1aa8-4c9d-a438-09b5348008d6}</UniqueIdentifier>
    </Filter>
  </ItemGroup>
  <ItemGroup>
    <None Include="shaders\compile.bat">
      <Filter>Resource Files\shaders</Filter>
    </None>
    <None Include="shaders\models\shader.frag">
      <Filter>Resource Files\shaders\models</Filter>
    </None>
    <None Include="shaders\models\shader.vert">
      <Filter>Resource Files\shaders\models</Filter>
    </None>
    <None Include="shaders\lights\shader.frag">
      <Filter>Resource Files\shaders\lights</Filter>
    </None>
    <None Include="shaders\lights\shader.vert">
      <Filter>Resource Files\shaders\lights</Filter>
    </None>
    <None Include="shaders\shadows\shader.vert">
      <Filter>Resource Files\shaders\shadows</Filter>
    </None>
    <None Include="shaders\shadows\shader.frag">
      <Filter>Resource Files\shaders\shadows</Filter>
    </None>
  </ItemGroup>
  <ItemGroup>
    <Object Include="models\chalet.obj">
      <Filter>Resource Files\models</Filter>
    </Object>
  </ItemGroup>
  <ItemGroup>
    <ClInclude Include="include\Handlers\CameraHandler.h">
      <Filter>Header Files\Handlers</Filter>
    </ClInclude>
    <ClInclude Include="include\Handlers\CapabilitiesHandler.h">
      <Filter>Header Files\Handlers</Filter>
    </ClInclude>
    <ClInclude Include="include\Handlers\CommandBuffersHandler.h">
      <Filter>Header Files\Handlers</Filter>
    </ClInclude>
    <ClInclude Include="include\Handlers\CommandsHandler.h">
      <Filter>Header Files\Handlers</Filter>
    </ClInclude>
    <ClInclude Include="include\Handlers\DescriptorsHandler.h">
      <Filter>Header Files\Handlers</Filter>
    </ClInclude>
    <ClInclude Include="include\Handlers\DevicesHandler.h">
      <Filter>Header Files\Handlers</Filter>
    </ClInclude>
    <ClInclude Include="include\Handlers\DrawHandler.h">
      <Filter>Header Files\Handlers</Filter>
    </ClInclude>
    <ClInclude Include="include\Handlers\Handlers.h">
      <Filter>Header Files\Handlers</Filter>
    </ClInclude>
    <ClInclude Include="include\Handlers\InputHandler.h">
      <Filter>Header Files\Handlers</Filter>
    </ClInclude>
    <ClInclude Include="include\Handlers\InstanceHandler.h">
      <Filter>Header Files\Handlers</Filter>
    </ClInclude>
    <ClInclude Include="include\Handlers\ModelsHandler.h">
      <Filter>Header Files\Handlers</Filter>
    </ClInclude>
    <ClInclude Include="include\Handlers\QueuesHandler.h">
      <Filter>Header Files\Handlers</Filter>
    </ClInclude>
    <ClInclude Include="include\Handlers\RenderPassHandler.h">
      <Filter>Header Files\Handlers</Filter>
    </ClInclude>
    <ClInclude Include="include\Handlers\ShadersHandler.h">
      <Filter>Header Files\Handlers</Filter>
    </ClInclude>
    <ClInclude Include="include\Handlers\SynchrosHandler.h">
      <Filter>Header Files\Handlers</Filter>
    </ClInclude>
    <ClInclude Include="include\Handlers\WindowHandler.h">
      <Filter>Header Files\Handlers</Filter>
    </ClInclude>
    <ClInclude Include="include\buffer_to_image.h">
      <Filter>Header Files</Filter>
    </ClInclude>
    <ClInclude Include="include\buffers.h">
      <Filter>Header Files</Filter>
    </ClInclude>
    <ClInclude Include="include\capabilities.h">
      <Filter>Header Files</Filter>
    </ClInclude>
    <ClInclude Include="include\image_views.h">
      <Filter>Header Files</Filter>
    </ClInclude>
    <ClInclude Include="include\images.h">
      <Filter>Header Files</Filter>
    </ClInclude>
    <ClInclude Include="include\Main.h">
      <Filter>Header Files</Filter>
    </ClInclude>
    <ClInclude Include="include\memory_types.h">
      <Filter>Header Files</Filter>
    </ClInclude>
    <ClInclude Include="include\read_file.h">
      <Filter>Header Files</Filter>
    </ClInclude>
    <ClInclude Include="include\vertex.h">
      <Filter>Header Files</Filter>
    </ClInclude>
    <ClInclude Include="include\Handlers\LightsHandler.h">
      <Filter>Header Files\Handlers</Filter>
    </ClInclude>
    <ClInclude Include="include\mesh_ubo.h">
      <Filter>Header Files</Filter>
    </ClInclude>
    <ClInclude Include="include\Models\Model.h">
      <Filter>Header Files\Models</Filter>
    </ClInclude>
    <ClInclude Include="include\Lights\Light.h">
      <Filter>Header Files\Lights</Filter>
    </ClInclude>
    <ClInclude Include="include\Models\ModelMaterials.h">
      <Filter>Header Files\Models</Filter>
    </ClInclude>
    <ClInclude Include="include\Models\ModelPipeline.h">
      <Filter>Header Files\Models</Filter>
    </ClInclude>
    <ClInclude Include="include\Models\ModelVBOs.h">
      <Filter>Header Files\Models</Filter>
    </ClInclude>
    <ClInclude Include="include\Lights\LightPipeline.h">
      <Filter>Header Files\Lights</Filter>
    </ClInclude>
    <ClInclude Include="include\Models\model_vertex.h">
      <Filter>Header Files\Models</Filter>
    </ClInclude>
    <ClInclude Include="include\Lights\light_vertex.h">
      <Filter>Header Files\Lights</Filter>
    </ClInclude>
    <ClInclude Include="include\Lights\LightModelUBOs.h">
      <Filter>Header Files\Lights</Filter>
    </ClInclude>
    <ClInclude Include="include\Lights\LightVBOs.h">
      <Filter>Header Files\Lights</Filter>
    </ClInclude>
    <ClInclude Include="include\Shadows\ShadowPipeline.h">
      <Filter>Header Files\Shadows</Filter>
    </ClInclude>
    <ClInclude Include="include\Shadows\shadow_vertex.h">
      <Filter>Header Files\Shadows</Filter>
    </ClInclude>
    <ClInclude Include="include\Presentation\Presentation.h">
      <Filter>Header Files\Presentation</Filter>
    </ClInclude>
    <ClInclude Include="include\swapchain.h">
      <Filter>Header Files</Filter>
    </ClInclude>
    <ClInclude Include="include\Lights\LightSpaceUBOs.h">
      <Filter>Header Files\Lights</Filter>
    </ClInclude>
    <ClInclude Include="include\Models\ShadowVBOs.h">
      <Filter>Header Files\Models</Filter>
    </ClInclude>
    <ClInclude Include="include\Lights\SingleLightSpaceUBOs.h">
      <Filter>Header Files\Lights</Filter>
    </ClInclude>
    <ClInclude Include="include\Materials\material_d.h">
      <Filter>Header Files\Materials</Filter>
    </ClInclude>
    <ClInclude Include="include\Layouts\model_l.h">
      <Filter>Header Files\Layouts</Filter>
    </ClInclude>
    <ClInclude Include="include\Bindings\bindings.h">
      <Filter>Header Files\Bindings</Filter>
    </ClInclude>
    <ClInclude Include="include\Layouts\create_l.h">
      <Filter>Header Files\Layouts</Filter>
    </ClInclude>
    <ClInclude Include="include\Layouts\light_l.h">
      <Filter>Header Files\Layouts</Filter>
    </ClInclude>
    <ClInclude Include="include\Writes\Info\create_wi.h">
      <Filter>Header Files\Writes\Info</Filter>
    </ClInclude>
    <ClInclude Include="include\Writes\create_w.h">
      <Filter>Header Files\Writes</Filter>
    </ClInclude>
    <ClInclude Include="include\DSets\model_ds.h">
      <Filter>Header Files\DSets</Filter>
    </ClInclude>
    <ClInclude Include="include\DSets\alloc_ds.h">
      <Filter>Header Files\DSets</Filter>
    </ClInclude>
    <ClInclude Include="include\DSets\light_ds.h">
      <Filter>Header Files\DSets</Filter>
    </ClInclude>
    <ClInclude Include="include\Descriptors\model_d.h">
      <Filter>Header Files\Descriptors</Filter>
    </ClInclude>
    <ClInclude Include="include\Descriptors\light_d.h">
      <Filter>Header Files\Descriptors</Filter>
    </ClInclude>
    <ClInclude Include="include\Uniforms\uniform.h">
      <Filter>Header Files\Uniforms</Filter>
    </ClInclude>
    <ClInclude Include="include\Timer\timer.h">
      <Filter>Header Files\Timer</Filter>
    </ClInclude>
  </ItemGroup>
  <ItemGroup>
    <ClCompile Include="src\Handlers\CameraHandler.cpp">
      <Filter>Source Files\Handlers</Filter>
    </ClCompile>
    <ClCompile Include="src\Handlers\CapabilitiesHandler.cpp">
      <Filter>Source Files\Handlers</Filter>
    </ClCompile>
    <ClCompile Include="src\Handlers\CommandBuffersHandler.cpp">
      <Filter>Source Files\Handlers</Filter>
    </ClCompile>
    <ClCompile Include="src\Handlers\CommandsHandler.cpp">
      <Filter>Source Files\Handlers</Filter>
    </ClCompile>
    <ClCompile Include="src\Handlers\DescriptorsHandler.cpp">
      <Filter>Source Files\Handlers</Filter>
    </ClCompile>
    <ClCompile Include="src\Handlers\DevicesHandler.cpp">
      <Filter>Source Files\Handlers</Filter>
    </ClCompile>
    <ClCompile Include="src\Handlers\DrawHandler.cpp">
      <Filter>Source Files\Handlers</Filter>
    </ClCompile>
    <ClCompile Include="src\Handlers\InputHandler.cpp">
      <Filter>Source Files\Handlers</Filter>
    </ClCompile>
    <ClCompile Include="src\Handlers\InstanceHandler.cpp">
      <Filter>Source Files\Handlers</Filter>
    </ClCompile>
    <ClCompile Include="src\Handlers\ModelsHandler.cpp">
      <Filter>Source Files\Handlers</Filter>
    </ClCompile>
    <ClCompile Include="src\Handlers\QueuesHandler.cpp">
      <Filter>Source Files\Handlers</Filter>
    </ClCompile>
    <ClCompile Include="src\Handlers\RenderPassHandler.cpp">
      <Filter>Source Files\Handlers</Filter>
    </ClCompile>
    <ClCompile Include="src\Handlers\ShadersHandler.cpp">
      <Filter>Source Files\Handlers</Filter>
    </ClCompile>
    <ClCompile Include="src\Handlers\SynchrosHandler.cpp">
      <Filter>Source Files\Handlers</Filter>
    </ClCompile>
    <ClCompile Include="src\Handlers\WindowHandler.cpp">
      <Filter>Source Files\Handlers</Filter>
    </ClCompile>
    <ClCompile Include="src\buffer_to_image.cpp">
      <Filter>Source Files</Filter>
    </ClCompile>
    <ClCompile Include="src\buffers.cpp">
      <Filter>Source Files</Filter>
    </ClCompile>
    <ClCompile Include="src\image_views.cpp">
      <Filter>Source Files</Filter>
    </ClCompile>
    <ClCompile Include="src\images.cpp">
      <Filter>Source Files</Filter>
    </ClCompile>
    <ClCompile Include="src\Main.cpp">
      <Filter>Source Files</Filter>
    </ClCompile>
    <ClCompile Include="src\memory_types.cpp">
      <Filter>Source Files</Filter>
    </ClCompile>
    <ClCompile Include="src\read_file.cpp">
      <Filter>Source Files</Filter>
    </ClCompile>
    <ClCompile Include="src\Handlers\LightsHandler.cpp">
      <Filter>Source Files\Handlers</Filter>
    </ClCompile>
    <ClCompile Include="src\Models\Model.cpp">
      <Filter>Source Files\Models</Filter>
    </ClCompile>
    <ClCompile Include="src\Lights\Light.cpp">
      <Filter>Source Files\Lights</Filter>
    </ClCompile>
    <ClCompile Include="src\Models\ModelMaterials.cpp">
      <Filter>Source Files\Models</Filter>
    </ClCompile>
    <ClCompile Include="src\Models\ModelPipeline.cpp">
      <Filter>Source Files\Models</Filter>
    </ClCompile>
    <ClCompile Include="src\Models\ModelVBOs.cpp">
      <Filter>Source Files\Models</Filter>
    </ClCompile>
    <ClCompile Include="src\Lights\LightPipeline.cpp">
      <Filter>Source Files\Lights</Filter>
    </ClCompile>
    <ClCompile Include="src\Lights\LightModelUBOs.cpp">
      <Filter>Source Files\Lights</Filter>
    </ClCompile>
    <ClCompile Include="src\Lights\LightVBOs.cpp">
      <Filter>Source Files\Lights</Filter>
    </ClCompile>
    <ClCompile Include="src\Shadows\ShadowPipeline.cpp">
      <Filter>Source Files\Shadows</Filter>
    </ClCompile>
    <ClCompile Include="src\Presentation\Presentation.cpp">
      <Filter>Source Files\Presentation</Filter>
    </ClCompile>
    <ClCompile Include="src\swapchain.cpp">
      <Filter>Source Files</Filter>
    </ClCompile>
    <ClCompile Include="src\Lights\LightSpaceUBOs.cpp">
      <Filter>Source Files\Lights</Filter>
    </ClCompile>
    <ClCompile Include="src\Models\ShadowVBOs.cpp">
      <Filter>Source Files\Models</Filter>
    </ClCompile>
    <ClCompile Include="src\Lights\SingleLightSpaceUBOs.cpp">
      <Filter>Source Files\Lights</Filter>
    </ClCompile>
    <ClCompile Include="src\Layouts\model_l.cpp">
      <Filter>Source Files\Layouts</Filter>
    </ClCompile>
    <ClCompile Include="src\Bindings\bindings.cpp">
      <Filter>Source Files\Bindings</Filter>
    </ClCompile>
    <ClCompile Include="src\Layouts\create_l.cpp">
      <Filter>Source Files\Layouts</Filter>
    </ClCompile>
    <ClCompile Include="src\Layouts\light_l.cpp">
      <Filter>Source Files\Layouts</Filter>
    </ClCompile>
    <ClCompile Include="src\Writes\Info\create_wi.cpp">
      <Filter>Source Files\Writes\Info</Filter>
    </ClCompile>
    <ClCompile Include="src\Writes\create_w.cpp">
      <Filter>Source Files\Writes</Filter>
    </ClCompile>
    <ClCompile Include="src\DSets\model_ds.cpp">
      <Filter>Source Files\DSets</Filter>
    </ClCompile>
    <ClCompile Include="src\DSets\alloc_ds.cpp">
      <Filter>Source Files\DSets</Filter>
    </ClCompile>
    <ClCompile Include="src\DSets\light_ds.cpp">
      <Filter>Source Files\DSets</Filter>
    </ClCompile>
    <ClCompile Include="src\Uniforms\uniform.cpp">
      <Filter>Source Files\Uniforms</Filter>
    </ClCompile>
    <ClCompile Include="src\Timer\timer.cpp">
      <Filter>Source Files\Timer</Filter>
    </ClCompile>
  </ItemGroup>
</Project>