<?xml version="1.0" encoding="utf-8"?>
<Project ToolsVersion="4.0" xmlns="http://schemas.microsoft.com/developer/msbuild/2003">
  <ItemGroup>
    <Filter Include="Source Files">
      <UniqueIdentifier>{4FC737F1-C7A5-4376-A066-2A32D752A2FF}</UniqueIdentifier>
      <Extensions>cpp;c;cc;cxx;def;odl;idl;hpj;bat;asm;asmx</Extensions>
    </Filter>
    <Filter Include="Header Files">
      <UniqueIdentifier>{93995380-89BD-4b04-88EB-625FBE52EBFB}</UniqueIdentifier>
      <Extensions>h;hh;hpp;hxx;hm;inl;inc;ipp;xsd</Extensions>
    </Filter>
    <Filter Include="Resource Files">
      <UniqueIdentifier>{67DA6AB6-F800-4c08-8B7A-83BB121AAD01}</UniqueIdentifier>
      <Extensions>rc;ico;cur;bmp;dlg;rc2;rct;bin;rgs;gif;jpg;jpeg;jpe;resx;tiff;tif;png;wav;mfcribbon-ms</Extensions>
    </Filter>
    <Filter Include="Resource Files\shaders">
      <UniqueIdentifier>{40ee63d3-ec89-49aa-bfc9-856fdcb38312}</UniqueIdentifier>
    </Filter>
    <Filter Include="Resource Files\textures">
      <UniqueIdentifier>{eef4c7ed-9315-4bb7-86f3-332ad6957b3f}</UniqueIdentifier>
    </Filter>
    <Filter Include="Resource Files\models">
      <UniqueIdentifier>{ee4c793b-f5f4-47c2-aa9f-8d1a248793d3}</UniqueIdentifier>
    </Filter>
    <Filter Include="Header Files\Handlers">
      <UniqueIdentifier>{3210778b-1e53-4564-90f1-7288eb8df2c2}</UniqueIdentifier>
    </Filter>
    <Filter Include="Source Files\Handlers">
      <UniqueIdentifier>{713cafee-6320-4418-9d7c-488899bd7638}</UniqueIdentifier>
    </Filter>
    <Filter Include="Header Files\Addons">
      <UniqueIdentifier>{8db0101c-3052-45ef-9926-09d9d604f086}</UniqueIdentifier>
    </Filter>
    <Filter Include="Source Files\Addons">
      <UniqueIdentifier>{f0f23fc9-b7ca-423d-b0ba-0194e9e012f7}</UniqueIdentifier>
    </Filter>
  </ItemGroup>
  <ItemGroup>
    <None Include="shaders\shader.frag">
      <Filter>Resource Files\shaders</Filter>
    </None>
    <None Include="shaders\shader.vert">
      <Filter>Resource Files\shaders</Filter>
    </None>
    <None Include="shaders\compile.bat">
      <Filter>Resource Files\shaders</Filter>
    </None>
  </ItemGroup>
  <ItemGroup>
    <Object Include="models\chalet.obj">
      <Filter>Resource Files\models</Filter>
    </Object>
  </ItemGroup>
  <ItemGroup>
    <ClInclude Include="include\Handlers\CameraHandler.h">
      <Filter>Header Files\Handlers</Filter>
    </ClInclude>
    <ClInclude Include="include\Handlers\CapabilitiesHandler.h">
      <Filter>Header Files\Handlers</Filter>
    </ClInclude>
    <ClInclude Include="include\Handlers\CommandBuffersHandler.h">
      <Filter>Header Files\Handlers</Filter>
    </ClInclude>
    <ClInclude Include="include\Handlers\CommandsHandler.h">
      <Filter>Header Files\Handlers</Filter>
    </ClInclude>
    <ClInclude Include="include\Handlers\DescriptorsHandler.h">
      <Filter>Header Files\Handlers</Filter>
    </ClInclude>
    <ClInclude Include="include\Handlers\DevicesHandler.h">
      <Filter>Header Files\Handlers</Filter>
    </ClInclude>
    <ClInclude Include="include\Handlers\DrawHandler.h">
      <Filter>Header Files\Handlers</Filter>
    </ClInclude>
    <ClInclude Include="include\Handlers\FramebuffersHandler.h">
      <Filter>Header Files\Handlers</Filter>
    </ClInclude>
    <ClInclude Include="include\Handlers\Handlers.h">
      <Filter>Header Files\Handlers</Filter>
    </ClInclude>
    <ClInclude Include="include\Handlers\InputHandler.h">
      <Filter>Header Files\Handlers</Filter>
    </ClInclude>
    <ClInclude Include="include\Handlers\InstanceHandler.h">
      <Filter>Header Files\Handlers</Filter>
    </ClInclude>
    <ClInclude Include="include\Handlers\ModelsHandler.h">
      <Filter>Header Files\Handlers</Filter>
    </ClInclude>
    <ClInclude Include="include\Handlers\QueuesHandler.h">
      <Filter>Header Files\Handlers</Filter>
    </ClInclude>
    <ClInclude Include="include\Handlers\RenderPassHandler.h">
      <Filter>Header Files\Handlers</Filter>
    </ClInclude>
    <ClInclude Include="include\Handlers\ShadersHandler.h">
      <Filter>Header Files\Handlers</Filter>
    </ClInclude>
    <ClInclude Include="include\Handlers\SwapchainHandler.h">
      <Filter>Header Files\Handlers</Filter>
    </ClInclude>
    <ClInclude Include="include\Handlers\SynchrosHandler.h">
      <Filter>Header Files\Handlers</Filter>
    </ClInclude>
    <ClInclude Include="include\Handlers\WindowHandler.h">
      <Filter>Header Files\Handlers</Filter>
    </ClInclude>
    <ClInclude Include="include\buffer_to_image.h">
      <Filter>Header Files</Filter>
    </ClInclude>
    <ClInclude Include="include\buffers.h">
      <Filter>Header Files</Filter>
    </ClInclude>
    <ClInclude Include="include\capabilities.h">
      <Filter>Header Files</Filter>
    </ClInclude>
    <ClInclude Include="include\image_views.h">
      <Filter>Header Files</Filter>
    </ClInclude>
    <ClInclude Include="include\images.h">
      <Filter>Header Files</Filter>
    </ClInclude>
    <ClInclude Include="include\Main.h">
      <Filter>Header Files</Filter>
    </ClInclude>
    <ClInclude Include="include\memory_types.h">
      <Filter>Header Files</Filter>
    </ClInclude>
    <ClInclude Include="include\read_file.h">
      <Filter>Header Files</Filter>
    </ClInclude>
    <ClInclude Include="include\uniform_buffer_objects.h">
      <Filter>Header Files</Filter>
    </ClInclude>
    <ClInclude Include="include\vertex.h">
      <Filter>Header Files</Filter>
    </ClInclude>
    <ClInclude Include="include\Model.h">
      <Filter>Header Files</Filter>
    </ClInclude>
    <ClInclude Include="include\Addons\TextureAddon.h">
      <Filter>Header Files\Addons</Filter>
    </ClInclude>
    <ClInclude Include="include\Addons\UboHandler.h">
      <Filter>Header Files\Addons</Filter>
    </ClInclude>
    <ClInclude Include="include\Addons\BufferHandler.h">
      <Filter>Header Files\Addons</Filter>
    </ClInclude>
    <ClInclude Include="include\Addons\PipelineHandler.h">
      <Filter>Header Files\Addons</Filter>
    </ClInclude>
  </ItemGroup>
  <ItemGroup>
    <ClCompile Include="src\Handlers\CameraHandler.cpp">
      <Filter>Source Files\Handlers</Filter>
    </ClCompile>
    <ClCompile Include="src\Handlers\CapabilitiesHandler.cpp">
      <Filter>Source Files\Handlers</Filter>
    </ClCompile>
    <ClCompile Include="src\Handlers\CommandBuffersHandler.cpp">
      <Filter>Source Files\Handlers</Filter>
    </ClCompile>
    <ClCompile Include="src\Handlers\CommandsHandler.cpp">
      <Filter>Source Files\Handlers</Filter>
    </ClCompile>
    <ClCompile Include="src\Handlers\DescriptorsHandler.cpp">
      <Filter>Source Files\Handlers</Filter>
    </ClCompile>
    <ClCompile Include="src\Handlers\DevicesHandler.cpp">
      <Filter>Source Files\Handlers</Filter>
    </ClCompile>
    <ClCompile Include="src\Handlers\DrawHandler.cpp">
      <Filter>Source Files\Handlers</Filter>
    </ClCompile>
    <ClCompile Include="src\Handlers\FramebuffersHandler.cpp">
      <Filter>Source Files\Handlers</Filter>
    </ClCompile>
    <ClCompile Include="src\Handlers\InputHandler.cpp">
      <Filter>Source Files\Handlers</Filter>
    </ClCompile>
    <ClCompile Include="src\Handlers\InstanceHandler.cpp">
      <Filter>Source Files\Handlers</Filter>
    </ClCompile>
    <ClCompile Include="src\Handlers\ModelsHandler.cpp">
      <Filter>Source Files\Handlers</Filter>
    </ClCompile>
    <ClCompile Include="src\Handlers\QueuesHandler.cpp">
      <Filter>Source Files\Handlers</Filter>
    </ClCompile>
    <ClCompile Include="src\Handlers\RenderPassHandler.cpp">
      <Filter>Source Files\Handlers</Filter>
    </ClCompile>
    <ClCompile Include="src\Handlers\ShadersHandler.cpp">
      <Filter>Source Files\Handlers</Filter>
    </ClCompile>
    <ClCompile Include="src\Handlers\SwapchainHandler.cpp">
      <Filter>Source Files\Handlers</Filter>
    </ClCompile>
    <ClCompile Include="src\Handlers\SynchrosHandler.cpp">
      <Filter>Source Files\Handlers</Filter>
    </ClCompile>
    <ClCompile Include="src\Handlers\WindowHandler.cpp">
      <Filter>Source Files\Handlers</Filter>
    </ClCompile>
    <ClCompile Include="src\buffer_to_image.cpp">
      <Filter>Source Files</Filter>
    </ClCompile>
    <ClCompile Include="src\buffers.cpp">
      <Filter>Source Files</Filter>
    </ClCompile>
    <ClCompile Include="src\image_views.cpp">
      <Filter>Source Files</Filter>
    </ClCompile>
    <ClCompile Include="src\images.cpp">
      <Filter>Source Files</Filter>
    </ClCompile>
    <ClCompile Include="src\Main.cpp">
      <Filter>Source Files</Filter>
    </ClCompile>
    <ClCompile Include="src\memory_types.cpp">
      <Filter>Source Files</Filter>
    </ClCompile>
    <ClCompile Include="src\read_file.cpp">
      <Filter>Source Files</Filter>
    </ClCompile>
    <ClCompile Include="src\Model.cpp">
      <Filter>Source Files</Filter>
    </ClCompile>
    <ClCompile Include="src\Addons\TextureAddon.cpp">
      <Filter>Source Files\Addons</Filter>
    </ClCompile>
    <ClCompile Include="src\Addons\UboHandler.cpp">
      <Filter>Source Files\Addons</Filter>
    </ClCompile>
    <ClCompile Include="src\Addons\BufferHandler.cpp">
      <Filter>Source Files\Addons</Filter>
    </ClCompile>
    <ClCompile Include="src\Addons\PipelineHandler.cpp">
      <Filter>Source Files\Addons</Filter>
    </ClCompile>
  </ItemGroup>
  <ItemGroup>
    <Image Include="textures\angel.jpeg">
      <Filter>Resource Files\textures</Filter>
    </Image>
  </ItemGroup>
</Project>