<?xml version="1.0" encoding="utf-8"?>
<Project ToolsVersion="4.0" xmlns="http://schemas.microsoft.com/developer/msbuild/2003">
  <ItemGroup>
    <Filter Include="Source Files">
      <UniqueIdentifier>{4FC737F1-C7A5-4376-A066-2A32D752A2FF}</UniqueIdentifier>
      <Extensions>cpp;c;cc;cxx;def;odl;idl;hpj;bat;asm;asmx</Extensions>
    </Filter>
    <Filter Include="Header Files">
      <UniqueIdentifier>{93995380-89BD-4b04-88EB-625FBE52EBFB}</UniqueIdentifier>
      <Extensions>h;hh;hpp;hxx;hm;inl;inc;ipp;xsd</Extensions>
    </Filter>
    <Filter Include="Resource Files">
      <UniqueIdentifier>{67DA6AB6-F800-4c08-8B7A-83BB121AAD01}</UniqueIdentifier>
      <Extensions>rc;ico;cur;bmp;dlg;rc2;rct;bin;rgs;gif;jpg;jpeg;jpe;resx;tiff;tif;png;wav;mfcribbon-ms</Extensions>
    </Filter>
    <Filter Include="Resource Files\shaders">
      <UniqueIdentifier>{40ee63d3-ec89-49aa-bfc9-856fdcb38312}</UniqueIdentifier>
    </Filter>
    <Filter Include="Resource Files\models">
      <UniqueIdentifier>{ee4c793b-f5f4-47c2-aa9f-8d1a248793d3}</UniqueIdentifier>
    </Filter>
    <Filter Include="Header Files\Handlers">
      <UniqueIdentifier>{3210778b-1e53-4564-90f1-7288eb8df2c2}</UniqueIdentifier>
    </Filter>
    <Filter Include="Source Files\Handlers">
      <UniqueIdentifier>{713cafee-6320-4418-9d7c-488899bd7638}</UniqueIdentifier>
    </Filter>
    <Filter Include="Header Files\Models">
      <UniqueIdentifier>{8db0101c-3052-45ef-9926-09d9d604f086}</UniqueIdentifier>
    </Filter>
    <Filter Include="Source Files\Models">
      <UniqueIdentifier>{f0f23fc9-b7ca-423d-b0ba-0194e9e012f7}</UniqueIdentifier>
    </Filter>
    <Filter Include="Header Files\Lights">
      <UniqueIdentifier>{55c5696d-9b58-49ef-957f-70c6af610a9f}</UniqueIdentifier>
    </Filter>
    <Filter Include="Source Files\Lights">
      <UniqueIdentifier>{9db5e3b0-e2ee-4495-be3d-ba0fc87a61c1}</UniqueIdentifier>
    </Filter>
    <Filter Include="Resource Files\shaders\models">
      <UniqueIdentifier>{5441670f-ecf8-48ed-8010-0e16743d8a8d}</UniqueIdentifier>
    </Filter>
    <Filter Include="Resource Files\shaders\lights">
      <UniqueIdentifier>{d3c9b9e8-31a7-44c1-9fd3-d38406799e2d}</UniqueIdentifier>
    </Filter>
    <Filter Include="Source Files\Shadows">
      <UniqueIdentifier>{be6b8dae-1253-49b1-9f58-94b3e86c6064}</UniqueIdentifier>
    </Filter>
    <Filter Include="Header Files\Shadows">
      <UniqueIdentifier>{d35ad76e-f140-458c-b15c-c8891b86208d}</UniqueIdentifier>
    </Filter>
    <Filter Include="Resource Files\shaders\shadows">
      <UniqueIdentifier>{ba52f1c2-1f0e-4c4a-a126-0a38fe2469ba}</UniqueIdentifier>
    </Filter>
    <Filter Include="Header Files\Presentation">
      <UniqueIdentifier>{da8d7500-d7f3-4a43-91b1-263ccda5d814}</UniqueIdentifier>
    </Filter>
    <Filter Include="Source Files\Presentation">
      <UniqueIdentifier>{7b4cd94c-0c88-40a3-be2a-7637e3e70f6e}</UniqueIdentifier>
    </Filter>
  </ItemGroup>
  <ItemGroup>
    <None Include="shaders\compile.bat">
      <Filter>Resource Files\shaders</Filter>
    </None>
    <None Include="shaders\models\shader.frag">
      <Filter>Resource Files\shaders\models</Filter>
    </None>
    <None Include="shaders\models\shader.vert">
      <Filter>Resource Files\shaders\models</Filter>
    </None>
    <None Include="shaders\lights\shader.frag">
      <Filter>Resource Files\shaders\lights</Filter>
    </None>
    <None Include="shaders\lights\shader.vert">
      <Filter>Resource Files\shaders\lights</Filter>
    </None>
    <None Include="shaders\shadows\shader.vert">
      <Filter>Resource Files\shaders\shadows</Filter>
    </None>
    <None Include="shaders\shadows\shader.frag">
      <Filter>Resource Files\shaders\shadows</Filter>
    </None>
  </ItemGroup>
  <ItemGroup>
    <Object Include="models\chalet.obj">
      <Filter>Resource Files\models</Filter>
    </Object>
  </ItemGroup>
  <ItemGroup>
    <ClInclude Include="include\Handlers\CameraHandler.h">
      <Filter>Header Files\Handlers</Filter>
    </ClInclude>
    <ClInclude Include="include\Handlers\CapabilitiesHandler.h">
      <Filter>Header Files\Handlers</Filter>
    </ClInclude>
    <ClInclude Include="include\Handlers\CommandBuffersHandler.h">
      <Filter>Header Files\Handlers</Filter>
    </ClInclude>
    <ClInclude Include="include\Handlers\CommandsHandler.h">
      <Filter>Header Files\Handlers</Filter>
    </ClInclude>
    <ClInclude Include="include\Handlers\DescriptorsHandler.h">
      <Filter>Header Files\Handlers</Filter>
    </ClInclude>
    <ClInclude Include="include\Handlers\DevicesHandler.h">
      <Filter>Header Files\Handlers</Filter>
    </ClInclude>
    <ClInclude Include="include\Handlers\DrawHandler.h">
      <Filter>Header Files\Handlers</Filter>
    </ClInclude>
    <ClInclude Include="include\Handlers\Handlers.h">
      <Filter>Header Files\Handlers</Filter>
    </ClInclude>
    <ClInclude Include="include\Handlers\InputHandler.h">
      <Filter>Header Files\Handlers</Filter>
    </ClInclude>
    <ClInclude Include="include\Handlers\InstanceHandler.h">
      <Filter>Header Files\Handlers</Filter>
    </ClInclude>
    <ClInclude Include="include\Handlers\ModelsHandler.h">
      <Filter>Header Files\Handlers</Filter>
    </ClInclude>
    <ClInclude Include="include\Handlers\QueuesHandler.h">
      <Filter>Header Files\Handlers</Filter>
    </ClInclude>
    <ClInclude Include="include\Handlers\RenderPassHandler.h">
      <Filter>Header Files\Handlers</Filter>
    </ClInclude>
    <ClInclude Include="include\Handlers\ShadersHandler.h">
      <Filter>Header Files\Handlers</Filter>
    </ClInclude>
    <ClInclude Include="include\Handlers\SynchrosHandler.h">
      <Filter>Header Files\Handlers</Filter>
    </ClInclude>
    <ClInclude Include="include\Handlers\WindowHandler.h">
      <Filter>Header Files\Handlers</Filter>
    </ClInclude>
    <ClInclude Include="include\buffer_to_image.h">
      <Filter>Header Files</Filter>
    </ClInclude>
    <ClInclude Include="include\buffers.h">
      <Filter>Header Files</Filter>
    </ClInclude>
    <ClInclude Include="include\capabilities.h">
      <Filter>Header Files</Filter>
    </ClInclude>
    <ClInclude Include="include\image_views.h">
      <Filter>Header Files</Filter>
    </ClInclude>
    <ClInclude Include="include\images.h">
      <Filter>Header Files</Filter>
    </ClInclude>
    <ClInclude Include="include\Main.h">
      <Filter>Header Files</Filter>
    </ClInclude>
    <ClInclude Include="include\memory_types.h">
      <Filter>Header Files</Filter>
    </ClInclude>
    <ClInclude Include="include\read_file.h">
      <Filter>Header Files</Filter>
    </ClInclude>
    <ClInclude Include="include\vertex.h">
      <Filter>Header Files</Filter>
    </ClInclude>
    <ClInclude Include="include\Handlers\LightsHandler.h">
      <Filter>Header Files\Handlers</Filter>
    </ClInclude>
    <ClInclude Include="include\mesh_ubo.h">
      <Filter>Header Files</Filter>
    </ClInclude>
    <ClInclude Include="include\Models\Model.h">
      <Filter>Header Files\Models</Filter>
    </ClInclude>
    <ClInclude Include="include\Models\model_ubo.h">
      <Filter>Header Files\Models</Filter>
    </ClInclude>
    <ClInclude Include="include\Lights\Light.h">
      <Filter>Header Files\Lights</Filter>
    </ClInclude>
    <ClInclude Include="include\Models\ModelMaterials.h">
      <Filter>Header Files\Models</Filter>
    </ClInclude>
    <ClInclude Include="include\Models\ModelPipeline.h">
      <Filter>Header Files\Models</Filter>
    </ClInclude>
    <ClInclude Include="include\Models\ModelUBOs.h">
      <Filter>Header Files\Models</Filter>
    </ClInclude>
    <ClInclude Include="include\Models\ModelVBOs.h">
      <Filter>Header Files\Models</Filter>
    </ClInclude>
    <ClInclude Include="include\Lights\LightPipeline.h">
      <Filter>Header Files\Lights</Filter>
    </ClInclude>
    <ClInclude Include="include\Models\model_vertex.h">
      <Filter>Header Files\Models</Filter>
    </ClInclude>
    <ClInclude Include="include\Lights\light_vertex.h">
      <Filter>Header Files\Lights</Filter>
    </ClInclude>
    <ClInclude Include="include\Lights\LightModelUBOs.h">
      <Filter>Header Files\Lights</Filter>
    </ClInclude>
    <ClInclude Include="include\Lights\LightVBOs.h">
      <Filter>Header Files\Lights</Filter>
    </ClInclude>
    <ClInclude Include="include\Lights\LightDataUBOs.h">
      <Filter>Header Files\Lights</Filter>
    </ClInclude>
    <ClInclude Include="include\Shadows\ShadowPipeline.h">
      <Filter>Header Files\Shadows</Filter>
    </ClInclude>
    <ClInclude Include="include\Shadows\shadow_vertex.h">
      <Filter>Header Files\Shadows</Filter>
    </ClInclude>
    <ClInclude Include="include\Presentation\Presentation.h">
      <Filter>Header Files\Presentation</Filter>
    </ClInclude>
    <ClInclude Include="include\swapchain.h">
      <Filter>Header Files</Filter>
    </ClInclude>
    <ClInclude Include="include\Lights\light_data_ubo.h">
      <Filter>Header Files\Lights</Filter>
    </ClInclude>
    <ClInclude Include="include\Lights\light_model_ubo.h">
      <Filter>Header Files\Lights</Filter>
    </ClInclude>
    <ClInclude Include="include\Lights\light_space_ubo.h">
      <Filter>Header Files\Lights</Filter>
    </ClInclude>
    <ClInclude Include="include\Lights\LightSpaceUBOs.h">
      <Filter>Header Files\Lights</Filter>
    </ClInclude>
    <ClInclude Include="include\Models\ShadowVBOs.h">
      <Filter>Header Files\Models</Filter>
    </ClInclude>
  </ItemGroup>
  <ItemGroup>
    <ClCompile Include="src\Handlers\CameraHandler.cpp">
      <Filter>Source Files\Handlers</Filter>
    </ClCompile>
    <ClCompile Include="src\Handlers\CapabilitiesHandler.cpp">
      <Filter>Source Files\Handlers</Filter>
    </ClCompile>
    <ClCompile Include="src\Handlers\CommandBuffersHandler.cpp">
      <Filter>Source Files\Handlers</Filter>
    </ClCompile>
    <ClCompile Include="src\Handlers\CommandsHandler.cpp">
      <Filter>Source Files\Handlers</Filter>
    </ClCompile>
    <ClCompile Include="src\Handlers\DescriptorsHandler.cpp">
      <Filter>Source Files\Handlers</Filter>
    </ClCompile>
    <ClCompile Include="src\Handlers\DevicesHandler.cpp">
      <Filter>Source Files\Handlers</Filter>
    </ClCompile>
    <ClCompile Include="src\Handlers\DrawHandler.cpp">
      <Filter>Source Files\Handlers</Filter>
    </ClCompile>
    <ClCompile Include="src\Handlers\InputHandler.cpp">
      <Filter>Source Files\Handlers</Filter>
    </ClCompile>
    <ClCompile Include="src\Handlers\InstanceHandler.cpp">
      <Filter>Source Files\Handlers</Filter>
    </ClCompile>
    <ClCompile Include="src\Handlers\ModelsHandler.cpp">
      <Filter>Source Files\Handlers</Filter>
    </ClCompile>
    <ClCompile Include="src\Handlers\QueuesHandler.cpp">
      <Filter>Source Files\Handlers</Filter>
    </ClCompile>
    <ClCompile Include="src\Handlers\RenderPassHandler.cpp">
      <Filter>Source Files\Handlers</Filter>
    </ClCompile>
    <ClCompile Include="src\Handlers\ShadersHandler.cpp">
      <Filter>Source Files\Handlers</Filter>
    </ClCompile>
    <ClCompile Include="src\Handlers\SynchrosHandler.cpp">
      <Filter>Source Files\Handlers</Filter>
    </ClCompile>
    <ClCompile Include="src\Handlers\WindowHandler.cpp">
      <Filter>Source Files\Handlers</Filter>
    </ClCompile>
    <ClCompile Include="src\buffer_to_image.cpp">
      <Filter>Source Files</Filter>
    </ClCompile>
    <ClCompile Include="src\buffers.cpp">
      <Filter>Source Files</Filter>
    </ClCompile>
    <ClCompile Include="src\image_views.cpp">
      <Filter>Source Files</Filter>
    </ClCompile>
    <ClCompile Include="src\images.cpp">
      <Filter>Source Files</Filter>
    </ClCompile>
    <ClCompile Include="src\Main.cpp">
      <Filter>Source Files</Filter>
    </ClCompile>
    <ClCompile Include="src\memory_types.cpp">
      <Filter>Source Files</Filter>
    </ClCompile>
    <ClCompile Include="src\read_file.cpp">
      <Filter>Source Files</Filter>
    </ClCompile>
    <ClCompile Include="src\Handlers\LightsHandler.cpp">
      <Filter>Source Files\Handlers</Filter>
    </ClCompile>
    <ClCompile Include="src\Models\Model.cpp">
      <Filter>Source Files\Models</Filter>
    </ClCompile>
    <ClCompile Include="src\Lights\Light.cpp">
      <Filter>Source Files\Lights</Filter>
    </ClCompile>
    <ClCompile Include="src\Models\ModelMaterials.cpp">
      <Filter>Source Files\Models</Filter>
    </ClCompile>
    <ClCompile Include="src\Models\ModelPipeline.cpp">
      <Filter>Source Files\Models</Filter>
    </ClCompile>
    <ClCompile Include="src\Models\ModelUBOs.cpp">
      <Filter>Source Files\Models</Filter>
    </ClCompile>
    <ClCompile Include="src\Models\ModelVBOs.cpp">
      <Filter>Source Files\Models</Filter>
    </ClCompile>
    <ClCompile Include="src\Lights\LightPipeline.cpp">
      <Filter>Source Files\Lights</Filter>
    </ClCompile>
    <ClCompile Include="src\Lights\LightModelUBOs.cpp">
      <Filter>Source Files\Lights</Filter>
    </ClCompile>
    <ClCompile Include="src\Lights\LightVBOs.cpp">
      <Filter>Source Files\Lights</Filter>
    </ClCompile>
    <ClCompile Include="src\Lights\LightDataUBOs.cpp">
      <Filter>Source Files\Lights</Filter>
    </ClCompile>
    <ClCompile Include="src\Shadows\ShadowPipeline.cpp">
      <Filter>Source Files\Shadows</Filter>
    </ClCompile>
    <ClCompile Include="src\Presentation\Presentation.cpp">
      <Filter>Source Files\Presentation</Filter>
    </ClCompile>
    <ClCompile Include="src\swapchain.cpp">
      <Filter>Source Files</Filter>
    </ClCompile>
    <ClCompile Include="src\Lights\LightSpaceUBOs.cpp">
      <Filter>Source Files\Lights</Filter>
    </ClCompile>
    <ClCompile Include="src\Models\ShadowVBOs.cpp">
      <Filter>Source Files\Models</Filter>
    </ClCompile>
  </ItemGroup>
</Project>